
Microsoft Visual Studio Solution File, Format Version 12.00
# Visual Studio Version 16
VisualStudioVersion = 16.0.33130.400
MinimumVisualStudioVersion = 10.0.40219.1
Project("{FAE04EC0-301F-11D3-BF4B-00C04F79EFBC}") = "Enum", "Enum\Enum.csproj", "{D78704A7-E8A6-4106-9A80-F70DE66D0B14}"
EndProject
Global
	GlobalSection(SolutionConfigurationPlatforms) = preSolution
		Debug|Any CPU = Debug|Any CPU
		Release|Any CPU = Release|Any CPU
	EndGlobalSection
	GlobalSection(ProjectConfigurationPlatforms) = postSolution
		{D78704A7-E8A6-4106-9A80-F70DE66D0B14}.Debug|Any CPU.ActiveCfg = Debug|Any CPU
		{D78704A7-E8A6-4106-9A80-F70DE66D0B14}.Debug|Any CPU.Build.0 = Debug|Any CPU
		{D78704A7-E8A6-4106-9A80-F70DE66D0B14}.Release|Any CPU.ActiveCfg = Release|Any CPU
		{D78704A7-E8A6-4106-9A80-F70DE66D0B14}.Release|Any CPU.Build.0 = Release|Any CPU
	EndGlobalSection
	GlobalSection(SolutionProperties) = preSolution
		HideSolutionNode = FALSE
	EndGlobalSection
	GlobalSection(ExtensibilityGlobals) = postSolution
		SolutionGuid = {8A8D5944-8355-4A72-AAE6-4765F4EEA060}
	EndGlobalSection
EndGlobal
