
Microsoft Visual Studio Solution File, Format Version 12.00
# Visual Studio Version 16
VisualStudioVersion = 16.0.33130.400
MinimumVisualStudioVersion = 10.0.40219.1
Project("{FAE04EC0-301F-11D3-BF4B-00C04F79EFBC}") = "Static Sınıf ve Üyeler", "Static Sınıf ve Üyeler\Static Sınıf ve Üyeler.csproj", "{855FE830-E06F-438D-925B-DACB1CCA2110}"
EndProject
Global
	GlobalSection(SolutionConfigurationPlatforms) = preSolution
		Debug|Any CPU = Debug|Any CPU
		Release|Any CPU = Release|Any CPU
	EndGlobalSection
	GlobalSection(ProjectConfigurationPlatforms) = postSolution
		{855FE830-E06F-438D-925B-DACB1CCA2110}.Debug|Any CPU.ActiveCfg = Debug|Any CPU
		{855FE830-E06F-438D-925B-DACB1CCA2110}.Debug|Any CPU.Build.0 = Debug|Any CPU
		{855FE830-E06F-438D-925B-DACB1CCA2110}.Release|Any CPU.ActiveCfg = Release|Any CPU
		{855FE830-E06F-438D-925B-DACB1CCA2110}.Release|Any CPU.Build.0 = Release|Any CPU
	EndGlobalSection
	GlobalSection(SolutionProperties) = preSolution
		HideSolutionNode = FALSE
	EndGlobalSection
	GlobalSection(ExtensibilityGlobals) = postSolution
		SolutionGuid = {8D3F53AB-8662-4467-A6AA-9097AB957A33}
	EndGlobalSection
EndGlobal
